{
  "name": "med_kit",
  "lockfileVersion": 2,
  "requires": true,
  "packages": {
    "": {
      "dependencies": {
        "vue-router": "^3.5.1"
      }
    },
    "node_modules/vue-router": {
      "version": "3.5.1",
      "resolved": "https://registry.npm.taobao.org/vue-router/download/vue-router-3.5.1.tgz?cache=0&sync_timestamp=1613740713323&other_urls=https%3A%2F%2Fregistry.npm.taobao.org%2Fvue-router%2Fdownload%2Fvue-router-3.5.1.tgz",
      "integrity": "sha1-7fPPSQeVLR4Fg+B5I3Igxf9utsk="
    }
  },
  "dependencies": {
    "vue-router": {
      "version": "3.5.1",
      "resolved": "https://registry.npm.taobao.org/vue-router/download/vue-router-3.5.1.tgz?cache=0&sync_timestamp=1613740713323&other_urls=https%3A%2F%2Fregistry.npm.taobao.org%2Fvue-router%2Fdownload%2Fvue-router-3.5.1.tgz",
      "integrity": "sha1-7fPPSQeVLR4Fg+B5I3Igxf9utsk="
    }
  }
}
